// !$*UTF8*$!
{
	archiveVersion = 1;
	classes = {
	};
	objectVersion = 46;
	objects = {

/* Begin PBXBuildFile section */
		A89401C01C654F14000E2939 /* main.swift in Sources */ = {isa = PBXBuildFile; fileRef = A89401BF1C654F14000E2939 /* main.swift */; };
		A89401C71C654F27000E2939 /* StringToNumbers.swift in Sources */ = {isa = PBXBuildFile; fileRef = A89401C61C654F27000E2939 /* StringToNumbers.swift */; };
/* End PBXBuildFile section */

/* Begin PBXCopyFilesBuildPhase section */
		A89401BA1C654F14000E2939 /* CopyFiles */ = {
			isa = PBXCopyFilesBuildPhase;
			buildActionMask = 2147483647;
			dstPath = /usr/share/man/man1/;
			dstSubfolderSpec = 0;
			files = (
			);
			runOnlyForDeploymentPostprocessing = 1;
		};
/* End PBXCopyFilesBuildPhase section */

/* Begin PBXFileReference section */
		A89401BC1C654F14000E2939 /* String Manipulations */ = {isa = PBXFileReference; explicitFileType = "compiled.mach-o.executable"; includeInIndex = 0; path = "String Manipulations"; sourceTree = BUILT_PRODUCTS_DIR; };
		A89401BF1C654F14000E2939 /* main.swift */ = {isa = PBXFileReference; lastKnownFileType = sourcecode.swift; path = main.swift; sourceTree = "<group>"; };
		A89401C61C654F27000E2939 /* StringToNumbers.swift */ = {isa = PBXFileReference; fileEncoding = 4; lastKnownFileType = sourcecode.swift; path = StringToNumbers.swift; sourceTree = "<group>"; };
/* End PBXFileReference section */

/* Begin PBXFrameworksBuildPhase section */
		A89401B91C654F14000E2939 /* Frameworks */ = {
			isa = PBXFrameworksBuildPhase;
			buildActionMask = 2147483647;
			files = (
			);
			runOnlyForDeploymentPostprocessing = 0;
		};
/* End PBXFrameworksBuildPhase section */

/* Begin PBXGroup section */
		A89401B31C654F14000E2939 = {
			isa = PBXGroup;
			children = (
				A89401C61C654F27000E2939 /* StringToNumbers.swift */,
				A89401BE1C654F14000E2939 /* String Manipulations */,
				A89401BD1C654F14000E2939 /* Products */,
			);
			sourceTree = "<group>";
		};
		A89401BD1C654F14000E2939 /* Products */ = {
			isa = PBXGroup;
			children = (
				A89401BC1C654F14000E2939 /* String Manipulations */,
			);
			name = Products;
			sourceTree = "<group>";
		};
		A89401BE1C654F14000E2939 /* String Manipulations */ = {
			isa = PBXGroup;
			children = (
				A89401BF1C654F14000E2939 /* main.swift */,
			);
			path = "String Manipulations";
			sourceTree = "<group>";
		};
/* End PBXGroup section */

/* Begin PBXNativeTarget section */
		A89401BB1C654F14000E2939 /* String Manipulations */ = {
			isa = PBXNativeTarget;
			buildConfigurationList = A89401C31C654F14000E2939 /* Build configuration list for PBXNativeTarget "String Manipulations" */;
			buildPhases = (
				A89401B81C654F14000E2939 /* Sources */,
				A89401B91C654F14000E2939 /* Frameworks */,
				A89401BA1C654F14000E2939 /* CopyFiles */,
			);
			buildRules = (
			);
			dependencies = (
			);
			name = "String Manipulations";
			productName = "String Manipulations";
			productReference = A89401BC1C654F14000E2939 /* String Manipulations */;
			productType = "com.apple.product-type.tool";
		};
/* End PBXNativeTarget section */

/* Begin PBXProject section */
		A89401B41C654F14000E2939 /* Project object */ = {
			isa = PBXProject;
			attributes = {
				LastSwiftUpdateCheck = 0720;
				LastUpgradeCheck = 0720;
				ORGANIZATIONNAME = "Edoardo Franco Vianelli";
				TargetAttributes = {
					A89401BB1C654F14000E2939 = {
						CreatedOnToolsVersion = 7.2;
					};
				};
			};
			buildConfigurationList = A89401B71C654F14000E2939 /* Build configuration list for PBXProject "String Manipulations" */;
			compatibilityVersion = "Xcode 3.2";
			developmentRegion = English;
			hasScannedForEncodings = 0;
			knownRegions = (
				en,
			);
			mainGroup = A89401B31C654F14000E2939;
			productRefGroup = A89401BD1C654F14000E2939 /* Products */;
			projectDirPath = "";
			projectRoot = "";
			targets = (
				A89401BB1C654F14000E2939 /* String Manipulations */,
			);
		};
/* End PBXProject section */

/* Begin PBXSourcesBuildPhase section */
		A89401B81C654F14000E2939 /* Sources */ = {
			isa = PBXSourcesBuildPhase;
			buildActionMask = 2147483647;
			files = (
				A89401C71C654F27000E2939 /* StringToNumbers.swift in Sources */,
				A89401C01C654F14000E2939 /* main.swift in Sources */,
			);
			runOnlyForDeploymentPostprocessing = 0;
		};
/* End PBXSourcesBuildPhase section */

/* Begin XCBuildConfiguration section */
		A89401C11C654F14000E2939 /* Debug */ = {
			isa = XCBuildConfiguration;
			buildSettings = {
				ALWAYS_SEARCH_USER_PATHS = NO;
				CLANG_CXX_LANGUAGE_STANDARD = "gnu++0x";
				CLANG_CXX_LIBRARY = "libc++";
				CLANG_ENABLE_MODULES = YES;
				CLANG_ENABLE_OBJC_ARC = YES;
				CLANG_WARN_BOOL_CONVERSION = YES;
				CLANG_WARN_CONSTANT_CONVERSION = YES;
				CLANG_WARN_DIRECT_OBJC_ISA_USAGE = YES_ERROR;
				CLANG_WARN_EMPTY_BODY = YES;
				CLANG_WARN_ENUM_CONVERSION = YES;
				CLANG_WARN_INT_CONVERSION = YES;
				CLANG_WARN_OBJC_ROOT_CLASS = YES_ERROR;
				CLANG_WARN_UNREACHABLE_CODE = YES;
				CLANG_WARN__DUPLICATE_METHOD_MATCH = YES;
				CODE_SIGN_IDENTITY = "-";
				COPY_PHASE_STRIP = NO;
				DEBUG_INFORMATION_FORMAT = dwarf;
				ENABLE_STRICT_OBJC_MSGSEND = YES;
				ENABLE_TESTABILITY = YES;
				GCC_C_LANGUAGE_STANDARD = gnu99;
				GCC_DYNAMIC_NO_PIC = NO;
				GCC_NO_COMMON_BLOCKS = YES;
				GCC_OPTIMIZATION_LEVEL = 0;
				GCC_PREPROCESSOR_DEFINITIONS = (
					"DEBUG=1",
					"$(inherited)",
				);
				GCC_WARN_64_TO_32_BIT_CONVERSION = YES;
				GCC_WARN_ABOUT_RETURN_TYPE = YES_ERROR;
				GCC_WARN_UNDECLARED_SELECTOR = YES;
				GCC_WARN_UNINITIALIZED_AUTOS = YES_AGGRESSIVE;
				GCC_WARN_UNUSED_FUNCTION = YES;
				GCC_WARN_UNUSED_VARIABLE = YES;
				MACOSX_DEPLOYMENT_TARGET = 10.10;
				MTL_ENABLE_DEBUG_INFO = YES;
				ONLY_ACTIVE_ARCH = YES;
				SDKROOT = macosx;
				SWIFT_OPTIMIZATION_LEVEL = "-Onone";
			};
			name = Debug;
		};
		A89401C21C654F14000E2939 /* Release */ = {
			isa = XCBuildConfiguration;
			buildSettings = {
				ALWAYS_SEARCH_USER_PATHS = NO;
				CLANG_CXX_LANGUAGE_STANDARD = "gnu++0x";
				CLANG_CXX_LIBRARY = "libc++";
				CLANG_ENABLE_MODULES = YES;
				CLANG_ENABLE_OBJC_ARC = YES;
				CLANG_WARN_BOOL_CONVERSION = YES;
				CLANG_WARN_CONSTANT_CONVERSION = YES;
				CLANG_WARN_DIRECT_OBJC_ISA_USAGE = YES_ERROR;
				CLANG_WARN_EMPTY_BODY = YES;
				CLANG_WARN_ENUM_CONVERSION = YES;
				CLANG_WARN_INT_CONVERSION = YES;
				CLANG_WARN_OBJC_ROOT_CLASS = YES_ERROR;
				CLANG_WARN_UNREACHABLE_CODE = YES;
				CLANG_WARN__DUPLICATE_METHOD_MATCH = YES;
				CODE_SIGN_IDENTITY = "-";
				COPY_PHASE_STRIP = NO;
				DEBUG_INFORMATION_FORMAT = "dwarf-with-dsym";
				ENABLE_NS_ASSERTIONS = NO;
				ENABLE_STRICT_OBJC_MSGSEND = YES;
				GCC_C_LANGUAGE_STANDARD = gnu99;
				GCC_NO_COMMON_BLOCKS = YES;
				GCC_WARN_64_TO_32_BIT_CONVERSION = YES;
				GCC_WARN_ABOUT_RETURN_TYPE = YES_ERROR;
				GCC_WARN_UNDECLARED_SELECTOR = YES;
				GCC_WARN_UNINITIALIZED_AUTOS = YES_AGGRESSIVE;
				GCC_WARN_UNUSED_FUNCTION = YES;
				GCC_WARN_UNUSED_VARIABLE = YES;
				MACOSX_DEPLOYMENT_TARGET = 10.10;
				MTL_ENABLE_DEBUG_INFO = NO;
				SDKROOT = macosx;
			};
			name = Release;
		};
		A89401C41C654F14000E2939 /* Debug */ = {
			isa = XCBuildConfiguration;
			buildSettings = {
				PRODUCT_NAME = "$(TARGET_NAME)";
			};
			name = Debug;
		};
		A89401C51C654F14000E2939 /* Release */ = {
			isa = XCBuildConfiguration;
			buildSettings = {
				PRODUCT_NAME = "$(TARGET_NAME)";
			};
			name = Release;
		};
/* End XCBuildConfiguration section */

/* Begin XCConfigurationList section */
		A89401B71C654F14000E2939 /* Build configuration list for PBXProject "String Manipulations" */ = {
			isa = XCConfigurationList;
			buildConfigurations = (
				A89401C11C654F14000E2939 /* Debug */,
				A89401C21C654F14000E2939 /* Release */,
			);
			defaultConfigurationIsVisible = 0;
			defaultConfigurationName = Release;
		};
		A89401C31C654F14000E2939 /* Build configuration list for PBXNativeTarget "String Manipulations" */ = {
			isa = XCConfigurationList;
			buildConfigurations = (
				A89401C41C654F14000E2939 /* Debug */,
				A89401C51C654F14000E2939 /* Release */,
			);
			defaultConfigurationIsVisible = 0;
		};
/* End XCConfigurationList section */
	};
	rootObject = A89401B41C654F14000E2939 /* Project object */;
}
